
Microsoft Visual Studio Solution File, Format Version 11.00
# Visual Studio 2010
Project("{F184B08F-C81C-45F6-A57F-5ABD9991F28F}") = "EyeAnalyzer", "EyeAnalyzer\EyeAnalyzer.vbproj", "{30BC30F0-6B26-40F2-BC71-A1D481671520}"
EndProject
Global
	GlobalSection(SolutionConfigurationPlatforms) = preSolution
		Debug|x86 = Debug|x86
		Release|x86 = Release|x86
	EndGlobalSection
	GlobalSection(ProjectConfigurationPlatforms) = postSolution
		{30BC30F0-6B26-40F2-BC71-A1D481671520}.Debug|x86.ActiveCfg = Debug|x86
		{30BC30F0-6B26-40F2-BC71-A1D481671520}.Debug|x86.Build.0 = Debug|x86
		{30BC30F0-6B26-40F2-BC71-A1D481671520}.Release|x86.ActiveCfg = Release|x86
		{30BC30F0-6B26-40F2-BC71-A1D481671520}.Release|x86.Build.0 = Release|x86
	EndGlobalSection
	GlobalSection(SolutionProperties) = preSolution
		HideSolutionNode = FALSE
	EndGlobalSection
EndGlobal
